// !$*UTF8*$!
{
	archiveVersion = 1;
	classes = {
	};
	objectVersion = 46;
	objects = {

/* Begin PBXBuildFile section */
		9309ADBC1E4F550800ACED3E /* main.m in Sources */ = {isa = PBXBuildFile; fileRef = 9309ADBB1E4F550800ACED3E /* main.m */; };
		9309ADBF1E4F550800ACED3E /* AppDelegate.m in Sources */ = {isa = PBXBuildFile; fileRef = 9309ADBE1E4F550800ACED3E /* AppDelegate.m */; };
		9309ADC71E4F550800ACED3E /* Assets.xcassets in Resources */ = {isa = PBXBuildFile; fileRef = 9309ADC61E4F550800ACED3E /* Assets.xcassets */; };
		9309ADCA1E4F550800ACED3E /* LaunchScreen.storyboard in Resources */ = {isa = PBXBuildFile; fileRef = 9309ADC81E4F550800ACED3E /* LaunchScreen.storyboard */; };
		9309ADD21E4F556900ACED3E /* Quiz2.storyboard in Resources */ = {isa = PBXBuildFile; fileRef = 9309ADD11E4F556900ACED3E /* Quiz2.storyboard */; };
		9309ADD51E4F55C300ACED3E /* ColorsTableViewController.m in Sources */ = {isa = PBXBuildFile; fileRef = 9309ADD41E4F55C300ACED3E /* ColorsTableViewController.m */; };
/* End PBXBuildFile section */

/* Begin PBXFileReference section */
		9309ADB71E4F550800ACED3E /* Quiz2.app */ = {isa = PBXFileReference; explicitFileType = wrapper.application; includeInIndex = 0; path = Quiz2.app; sourceTree = BUILT_PRODUCTS_DIR; };
		9309ADBB1E4F550800ACED3E /* main.m */ = {isa = PBXFileReference; lastKnownFileType = sourcecode.c.objc; path = main.m; sourceTree = "<group>"; };
		9309ADBD1E4F550800ACED3E /* AppDelegate.h */ = {isa = PBXFileReference; lastKnownFileType = sourcecode.c.h; path = AppDelegate.h; sourceTree = "<group>"; };
		9309ADBE1E4F550800ACED3E /* AppDelegate.m */ = {isa = PBXFileReference; lastKnownFileType = sourcecode.c.objc; path = AppDelegate.m; sourceTree = "<group>"; };
		9309ADC61E4F550800ACED3E /* Assets.xcassets */ = {isa = PBXFileReference; lastKnownFileType = folder.assetcatalog; path = Assets.xcassets; sourceTree = "<group>"; };
		9309ADC91E4F550800ACED3E /* Base */ = {isa = PBXFileReference; lastKnownFileType = file.storyboard; name = Base; path = Base.lproj/LaunchScreen.storyboard; sourceTree = "<group>"; };
		9309ADCB1E4F550800ACED3E /* Info.plist */ = {isa = PBXFileReference; lastKnownFileType = text.plist.xml; path = Info.plist; sourceTree = "<group>"; };
		9309ADD11E4F556900ACED3E /* Quiz2.storyboard */ = {isa = PBXFileReference; fileEncoding = 4; lastKnownFileType = file.storyboard; path = Quiz2.storyboard; sourceTree = "<group>"; };
		9309ADD31E4F55C300ACED3E /* ColorsTableViewController.h */ = {isa = PBXFileReference; fileEncoding = 4; lastKnownFileType = sourcecode.c.h; path = ColorsTableViewController.h; sourceTree = "<group>"; };
		9309ADD41E4F55C300ACED3E /* ColorsTableViewController.m */ = {isa = PBXFileReference; fileEncoding = 4; lastKnownFileType = sourcecode.c.objc; path = ColorsTableViewController.m; sourceTree = "<group>"; };
/* End PBXFileReference section */

/* Begin PBXFrameworksBuildPhase section */
		9309ADB41E4F550700ACED3E /* Frameworks */ = {
			isa = PBXFrameworksBuildPhase;
			buildActionMask = 2147483647;
			files = (
			);
			runOnlyForDeploymentPostprocessing = 0;
		};
/* End PBXFrameworksBuildPhase section */

/* Begin PBXGroup section */
		9309ADAE1E4F550700ACED3E = {
			isa = PBXGroup;
			children = (
				9309ADB91E4F550800ACED3E /* Quiz2 */,
				9309ADB81E4F550800ACED3E /* Products */,
			);
			sourceTree = "<group>";
		};
		9309ADB81E4F550800ACED3E /* Products */ = {
			isa = PBXGroup;
			children = (
				9309ADB71E4F550800ACED3E /* Quiz2.app */,
			);
			name = Products;
			sourceTree = "<group>";
		};
		9309ADB91E4F550800ACED3E /* Quiz2 */ = {
			isa = PBXGroup;
			children = (
				9309ADBD1E4F550800ACED3E /* AppDelegate.h */,
				9309ADBE1E4F550800ACED3E /* AppDelegate.m */,
				9309ADC61E4F550800ACED3E /* Assets.xcassets */,
				9309ADD11E4F556900ACED3E /* Quiz2.storyboard */,
				9309ADD31E4F55C300ACED3E /* ColorsTableViewController.h */,
				9309ADD41E4F55C300ACED3E /* ColorsTableViewController.m */,
				9309ADC81E4F550800ACED3E /* LaunchScreen.storyboard */,
				9309ADCB1E4F550800ACED3E /* Info.plist */,
				9309ADBA1E4F550800ACED3E /* Supporting Files */,
			);
			path = Quiz2;
			sourceTree = "<group>";
		};
		9309ADBA1E4F550800ACED3E /* Supporting Files */ = {
			isa = PBXGroup;
			children = (
				9309ADBB1E4F550800ACED3E /* main.m */,
			);
			name = "Supporting Files";
			sourceTree = "<group>";
		};
/* End PBXGroup section */

/* Begin PBXNativeTarget section */
		9309ADB61E4F550700ACED3E /* Quiz2 */ = {
			isa = PBXNativeTarget;
			buildConfigurationList = 9309ADCE1E4F550800ACED3E /* Build configuration list for PBXNativeTarget "Quiz2" */;
			buildPhases = (
				9309ADB31E4F550700ACED3E /* Sources */,
				9309ADB41E4F550700ACED3E /* Frameworks */,
				9309ADB51E4F550700ACED3E /* Resources */,
			);
			buildRules = (
			);
			dependencies = (
			);
			name = Quiz2;
			productName = Quiz2;
			productReference = 9309ADB71E4F550800ACED3E /* Quiz2.app */;
			productType = "com.apple.product-type.application";
		};
/* End PBXNativeTarget section */

/* Begin PBXProject section */
		9309ADAF1E4F550700ACED3E /* Project object */ = {
			isa = PBXProject;
			attributes = {
				LastUpgradeCheck = 0820;
				ORGANIZATIONNAME = "Universidad Estatal a Distancia Costa Rica";
				TargetAttributes = {
					9309ADB61E4F550700ACED3E = {
						CreatedOnToolsVersion = 8.2.1;
						DevelopmentTeam = 64Y79TCMH7;
						ProvisioningStyle = Automatic;
					};
				};
			};
			buildConfigurationList = 9309ADB21E4F550700ACED3E /* Build configuration list for PBXProject "Quiz2" */;
			compatibilityVersion = "Xcode 3.2";
			developmentRegion = English;
			hasScannedForEncodings = 0;
			knownRegions = (
				en,
				Base,
			);
			mainGroup = 9309ADAE1E4F550700ACED3E;
			productRefGroup = 9309ADB81E4F550800ACED3E /* Products */;
			projectDirPath = "";
			projectRoot = "";
			targets = (
				9309ADB61E4F550700ACED3E /* Quiz2 */,
			);
		};
/* End PBXProject section */

/* Begin PBXResourcesBuildPhase section */
		9309ADB51E4F550700ACED3E /* Resources */ = {
			isa = PBXResourcesBuildPhase;
			buildActionMask = 2147483647;
			files = (
				9309ADD21E4F556900ACED3E /* Quiz2.storyboard in Resources */,
				9309ADCA1E4F550800ACED3E /* LaunchScreen.storyboard in Resources */,
				9309ADC71E4F550800ACED3E /* Assets.xcassets in Resources */,
			);
			runOnlyForDeploymentPostprocessing = 0;
		};
/* End PBXResourcesBuildPhase section */

/* Begin PBXSourcesBuildPhase section */
		9309ADB31E4F550700ACED3E /* Sources */ = {
			isa = PBXSourcesBuildPhase;
			buildActionMask = 2147483647;
			files = (
				9309ADD51E4F55C300ACED3E /* ColorsTableViewController.m in Sources */,
				9309ADBF1E4F550800ACED3E /* AppDelegate.m in Sources */,
				9309ADBC1E4F550800ACED3E /* main.m in Sources */,
			);
			runOnlyForDeploymentPostprocessing = 0;
		};
/* End PBXSourcesBuildPhase section */

/* Begin PBXVariantGroup section */
		9309ADC81E4F550800ACED3E /* LaunchScreen.storyboard */ = {
			isa = PBXVariantGroup;
			children = (
				9309ADC91E4F550800ACED3E /* Base */,
			);
			name = LaunchScreen.storyboard;
			sourceTree = "<group>";
		};
/* End PBXVariantGroup section */

/* Begin XCBuildConfiguration section */
		9309ADCC1E4F550800ACED3E /* Debug */ = {
			isa = XCBuildConfiguration;
			buildSettings = {
				ALWAYS_SEARCH_USER_PATHS = NO;
				CLANG_ANALYZER_NONNULL = YES;
				CLANG_CXX_LANGUAGE_STANDARD = "gnu++0x";
				CLANG_CXX_LIBRARY = "libc++";
				CLANG_ENABLE_MODULES = YES;
				CLANG_ENABLE_OBJC_ARC = YES;
				CLANG_WARN_BOOL_CONVERSION = YES;
				CLANG_WARN_CONSTANT_CONVERSION = YES;
				CLANG_WARN_DIRECT_OBJC_ISA_USAGE = YES_ERROR;
				CLANG_WARN_DOCUMENTATION_COMMENTS = YES;
				CLANG_WARN_EMPTY_BODY = YES;
				CLANG_WARN_ENUM_CONVERSION = YES;
				CLANG_WARN_INFINITE_RECURSION = YES;
				CLANG_WARN_INT_CONVERSION = YES;
				CLANG_WARN_OBJC_ROOT_CLASS = YES_ERROR;
				CLANG_WARN_SUSPICIOUS_MOVE = YES;
				CLANG_WARN_UNREACHABLE_CODE = YES;
				CLANG_WARN__DUPLICATE_METHOD_MATCH = YES;
				"CODE_SIGN_IDENTITY[sdk=iphoneos*]" = "iPhone Developer";
				COPY_PHASE_STRIP = NO;
				DEBUG_INFORMATION_FORMAT = dwarf;
				ENABLE_STRICT_OBJC_MSGSEND = YES;
				ENABLE_TESTABILITY = YES;
				GCC_C_LANGUAGE_STANDARD = gnu99;
				GCC_DYNAMIC_NO_PIC = NO;
				GCC_NO_COMMON_BLOCKS = YES;
				GCC_OPTIMIZATION_LEVEL = 0;
				GCC_PREPROCESSOR_DEFINITIONS = (
					"DEBUG=1",
					"$(inherited)",
				);
				GCC_WARN_64_TO_32_BIT_CONVERSION = YES;
				GCC_WARN_ABOUT_RETURN_TYPE = YES_ERROR;
				GCC_WARN_UNDECLARED_SELECTOR = YES;
				GCC_WARN_UNINITIALIZED_AUTOS = YES_AGGRESSIVE;
				GCC_WARN_UNUSED_FUNCTION = YES;
				GCC_WARN_UNUSED_VARIABLE = YES;
				IPHONEOS_DEPLOYMENT_TARGET = 10.2;
				MTL_ENABLE_DEBUG_INFO = YES;
				ONLY_ACTIVE_ARCH = YES;
				SDKROOT = iphoneos;
			};
			name = Debug;
		};
		9309ADCD1E4F550800ACED3E /* Release */ = {
			isa = XCBuildConfiguration;
			buildSettings = {
				ALWAYS_SEARCH_USER_PATHS = NO;
				CLANG_ANALYZER_NONNULL = YES;
				CLANG_CXX_LANGUAGE_STANDARD = "gnu++0x";
				CLANG_CXX_LIBRARY = "libc++";
				CLANG_ENABLE_MODULES = YES;
				CLANG_ENABLE_OBJC_ARC = YES;
				CLANG_WARN_BOOL_CONVERSION = YES;
				CLANG_WARN_CONSTANT_CONVERSION = YES;
				CLANG_WARN_DIRECT_OBJC_ISA_USAGE = YES_ERROR;
				CLANG_WARN_DOCUMENTATION_COMMENTS = YES;
				CLANG_WARN_EMPTY_BODY = YES;
				CLANG_WARN_ENUM_CONVERSION = YES;
				CLANG_WARN_INFINITE_RECURSION = YES;
				CLANG_WARN_INT_CONVERSION = YES;
				CLANG_WARN_OBJC_ROOT_CLASS = YES_ERROR;
				CLANG_WARN_SUSPICIOUS_MOVE = YES;
				CLANG_WARN_UNREACHABLE_CODE = YES;
				CLANG_WARN__DUPLICATE_METHOD_MATCH = YES;
				"CODE_SIGN_IDENTITY[sdk=iphoneos*]" = "iPhone Developer";
				COPY_PHASE_STRIP = NO;
				DEBUG_INFORMATION_FORMAT = "dwarf-with-dsym";
				ENABLE_NS_ASSERTIONS = NO;
				ENABLE_STRICT_OBJC_MSGSEND = YES;
				GCC_C_LANGUAGE_STANDARD = gnu99;
				GCC_NO_COMMON_BLOCKS = YES;
				GCC_WARN_64_TO_32_BIT_CONVERSION = YES;
				GCC_WARN_ABOUT_RETURN_TYPE = YES_ERROR;
				GCC_WARN_UNDECLARED_SELECTOR = YES;
				GCC_WARN_UNINITIALIZED_AUTOS = YES_AGGRESSIVE;
				GCC_WARN_UNUSED_FUNCTION = YES;
				GCC_WARN_UNUSED_VARIABLE = YES;
				IPHONEOS_DEPLOYMENT_TARGET = 10.2;
				MTL_ENABLE_DEBUG_INFO = NO;
				SDKROOT = iphoneos;
				VALIDATE_PRODUCT = YES;
			};
			name = Release;
		};
		9309ADCF1E4F550800ACED3E /* Debug */ = {
			isa = XCBuildConfiguration;
			buildSettings = {
				ASSETCATALOG_COMPILER_APPICON_NAME = AppIcon;
				DEVELOPMENT_TEAM = 64Y79TCMH7;
				INFOPLIST_FILE = Quiz2/Info.plist;
				LD_RUNPATH_SEARCH_PATHS = "$(inherited) @executable_path/Frameworks";
				PRODUCT_BUNDLE_IDENTIFIER = com.Quiz2;
				PRODUCT_NAME = "$(TARGET_NAME)";
			};
			name = Debug;
		};
		9309ADD01E4F550800ACED3E /* Release */ = {
			isa = XCBuildConfiguration;
			buildSettings = {
				ASSETCATALOG_COMPILER_APPICON_NAME = AppIcon;
				DEVELOPMENT_TEAM = 64Y79TCMH7;
				INFOPLIST_FILE = Quiz2/Info.plist;
				LD_RUNPATH_SEARCH_PATHS = "$(inherited) @executable_path/Frameworks";
				PRODUCT_BUNDLE_IDENTIFIER = com.Quiz2;
				PRODUCT_NAME = "$(TARGET_NAME)";
			};
			name = Release;
		};
/* End XCBuildConfiguration section */

/* Begin XCConfigurationList section */
		9309ADB21E4F550700ACED3E /* Build configuration list for PBXProject "Quiz2" */ = {
			isa = XCConfigurationList;
			buildConfigurations = (
				9309ADCC1E4F550800ACED3E /* Debug */,
				9309ADCD1E4F550800ACED3E /* Release */,
			);
			defaultConfigurationIsVisible = 0;
			defaultConfigurationName = Release;
		};
		9309ADCE1E4F550800ACED3E /* Build configuration list for PBXNativeTarget "Quiz2" */ = {
			isa = XCConfigurationList;
			buildConfigurations = (
				9309ADCF1E4F550800ACED3E /* Debug */,
				9309ADD01E4F550800ACED3E /* Release */,
			);
			defaultConfigurationIsVisible = 0;
		};
/* End XCConfigurationList section */
	};
	rootObject = 9309ADAF1E4F550700ACED3E /* Project object */;
}
